Microsoft Visual Studio Solution File, Format Version 12.00
# Visual Studio Version 17
VisualStudioVersion = 17.5.2.0
MinimumVisualStudioVersion = 10.0.40219.1
Project("{FAE04EC0-301F-11D3-BF4B-00C04F79EFBC}") = "SistemaDeHospedagem", "SistemaDeHospedagem.csproj", "{490AFE31-EC4D-2E1A-96CF-245F755C34F2}"
EndProject
Global
	GlobalSection(SolutionConfigurationPlatforms) = preSolution
		Debug|Any CPU = Debug|Any CPU
		Release|Any CPU = Release|Any CPU
	EndGlobalSection
	GlobalSection(ProjectConfigurationPlatforms) = postSolution
		{490AFE31-EC4D-2E1A-96CF-245F755C34F2}.Debug|Any CPU.ActiveCfg = Debug|Any CPU
		{490AFE31-EC4D-2E1A-96CF-245F755C34F2}.Debug|Any CPU.Build.0 = Debug|Any CPU
		{490AFE31-EC4D-2E1A-96CF-245F755C34F2}.Release|Any CPU.ActiveCfg = Release|Any CPU
		{490AFE31-EC4D-2E1A-96CF-245F755C34F2}.Release|Any CPU.Build.0 = Release|Any CPU
	EndGlobalSection
	GlobalSection(SolutionProperties) = preSolution
		HideSolutionNode = FALSE
	EndGlobalSection
	GlobalSection(ExtensibilityGlobals) = postSolution
		SolutionGuid = {966525C7-42C4-4C1A-810B-3063944B0EB1}
	EndGlobalSection
EndGlobal
